
Microsoft Visual Studio Solution File, Format Version 12.00
# Visual Studio Version 17
VisualStudioVersion = 17.3.32811.315
MinimumVisualStudioVersion = 10.0.40219.1
Project("{8BC9CEB8-8B4A-11D0-8D11-00A0C91BC942}") = "Ressourcen_Managment", "Ressourcen_Managment\Ressourcen_Managment.vcxproj", "{7CF362AB-2E7F-4B17-96E6-7B09CBDEA6E2}"
EndProject
Project("{8BC9CEB8-8B4A-11D0-8D11-00A0C91BC942}") = "Smart_pointer", "Smart_pointer\Smart_pointer.vcxproj", "{A5C2EDCD-EC23-4E48-970B-31C91290B1C7}"
EndProject
Project("{8BC9CEB8-8B4A-11D0-8D11-00A0C91BC942}") = "Seq_Container", "Seq_Container\Seq_Container.vcxproj", "{A1380FC0-C8A8-45B2-A245-03BCC174E13B}"
EndProject
Global
	GlobalSection(SolutionConfigurationPlatforms) = preSolution
		Debug|x64 = Debug|x64
		Debug|x86 = Debug|x86
		Release|x64 = Release|x64
		Release|x86 = Release|x86
	EndGlobalSection
	GlobalSection(ProjectConfigurationPlatforms) = postSolution
		{7CF362AB-2E7F-4B17-96E6-7B09CBDEA6E2}.Debug|x64.ActiveCfg = Debug|x64
		{7CF362AB-2E7F-4B17-96E6-7B09CBDEA6E2}.Debug|x64.Build.0 = Debug|x64
		{7CF362AB-2E7F-4B17-96E6-7B09CBDEA6E2}.Debug|x86.ActiveCfg = Debug|Win32
		{7CF362AB-2E7F-4B17-96E6-7B09CBDEA6E2}.Debug|x86.Build.0 = Debug|Win32
		{7CF362AB-2E7F-4B17-96E6-7B09CBDEA6E2}.Release|x64.ActiveCfg = Release|x64
		{7CF362AB-2E7F-4B17-96E6-7B09CBDEA6E2}.Release|x64.Build.0 = Release|x64
		{7CF362AB-2E7F-4B17-96E6-7B09CBDEA6E2}.Release|x86.ActiveCfg = Release|Win32
		{7CF362AB-2E7F-4B17-96E6-7B09CBDEA6E2}.Release|x86.Build.0 = Release|Win32
		{A5C2EDCD-EC23-4E48-970B-31C91290B1C7}.Debug|x64.ActiveCfg = Debug|x64
		{A5C2EDCD-EC23-4E48-970B-31C91290B1C7}.Debug|x64.Build.0 = Debug|x64
		{A5C2EDCD-EC23-4E48-970B-31C91290B1C7}.Debug|x86.ActiveCfg = Debug|Win32
		{A5C2EDCD-EC23-4E48-970B-31C91290B1C7}.Debug|x86.Build.0 = Debug|Win32
		{A5C2EDCD-EC23-4E48-970B-31C91290B1C7}.Release|x64.ActiveCfg = Release|x64
		{A5C2EDCD-EC23-4E48-970B-31C91290B1C7}.Release|x64.Build.0 = Release|x64
		{A5C2EDCD-EC23-4E48-970B-31C91290B1C7}.Release|x86.ActiveCfg = Release|Win32
		{A5C2EDCD-EC23-4E48-970B-31C91290B1C7}.Release|x86.Build.0 = Release|Win32
		{A1380FC0-C8A8-45B2-A245-03BCC174E13B}.Debug|x64.ActiveCfg = Debug|x64
		{A1380FC0-C8A8-45B2-A245-03BCC174E13B}.Debug|x64.Build.0 = Debug|x64
		{A1380FC0-C8A8-45B2-A245-03BCC174E13B}.Debug|x86.ActiveCfg = Debug|Win32
		{A1380FC0-C8A8-45B2-A245-03BCC174E13B}.Debug|x86.Build.0 = Debug|Win32
		{A1380FC0-C8A8-45B2-A245-03BCC174E13B}.Release|x64.ActiveCfg = Release|x64
		{A1380FC0-C8A8-45B2-A245-03BCC174E13B}.Release|x64.Build.0 = Release|x64
		{A1380FC0-C8A8-45B2-A245-03BCC174E13B}.Release|x86.ActiveCfg = Release|Win32
		{A1380FC0-C8A8-45B2-A245-03BCC174E13B}.Release|x86.Build.0 = Release|Win32
	EndGlobalSection
	GlobalSection(SolutionProperties) = preSolution
		HideSolutionNode = FALSE
	EndGlobalSection
	GlobalSection(ExtensibilityGlobals) = postSolution
		SolutionGuid = {9532A4B7-26A1-4C2C-8985-67ABDA623470}
	EndGlobalSection
EndGlobal
